<?xml version="1.0" encoding="utf-8"?>
<Project ToolsVersion="4.0" xmlns="http://schemas.microsoft.com/developer/msbuild/2003">
  <ItemGroup>
    <Filter Include="Source Files">
      <UniqueIdentifier>{4FC737F1-C7A5-4376-A066-2A32D752A2FF}</UniqueIdentifier>
      <Extensions>cpp;c;cc;cxx;def;odl;idl;hpj;bat;asm;asmx</Extensions>
    </Filter>
    <Filter Include="Header Files">
      <UniqueIdentifier>{93995380-89BD-4b04-88EB-625FBE52EBFB}</UniqueIdentifier>
      <Extensions>h;hh;hpp;hxx;hm;inl;inc;xsd</Extensions>
    </Filter>
    <Filter Include="Resource Files">
      <UniqueIdentifier>{67DA6AB6-F800-4c08-8B7A-83BB121AAD01}</UniqueIdentifier>
      <Extensions>rc;ico;cur;bmp;dlg;rc2;rct;bin;rgs;gif;jpg;jpeg;jpe;resx;tiff;tif;png;wav;mfcribbon-ms</Extensions>
    </Filter>
    <Filter Include="Header Files\API">
      <UniqueIdentifier>{269f42b3-7c68-4a96-80a1-e95ae4f3ec18}</UniqueIdentifier>
    </Filter>
    <Filter Include="Header Files\API\stbi">
      <UniqueIdentifier>{3acfe182-b068-4adb-b07e-3234968514bc}</UniqueIdentifier>
    </Filter>
    <Filter Include="Source Files\API">
      <UniqueIdentifier>{e848b248-eb59-4fce-80b1-d714defac34e}</UniqueIdentifier>
    </Filter>
    <Filter Include="Source Files\API\stbi">
      <UniqueIdentifier>{d75c8426-a7c4-4faf-9c0f-b2bb2c0b57c6}</UniqueIdentifier>
    </Filter>
    <Filter Include="Header Files\API\LM4000_TypeList">
      <UniqueIdentifier>{a8790ad2-1d6f-422b-8ea1-bcf8bb75948b}</UniqueIdentifier>
    </Filter>
  </ItemGroup>
  <ItemGroup>
    <ClCompile Include="Source.cpp">
      <Filter>Source Files</Filter>
    </ClCompile>
    <ClCompile Include="Generic.cpp">
      <Filter>Source Files</Filter>
    </ClCompile>
    <ClCompile Include="NTypes2.cpp">
      <Filter>Source Files</Filter>
    </ClCompile>
    <ClCompile Include="API\stbi\stbi_write.c">
      <Filter>Source Files\API\stbi</Filter>
    </ClCompile>
    <ClCompile Include="FileSystem.cpp">
      <Filter>Source Files</Filter>
    </ClCompile>
    <ClCompile Include="Timer.cpp">
      <Filter>Source Files</Filter>
    </ClCompile>
    <ClCompile Include="Patcher.cpp">
      <Filter>Source Files</Filter>
    </ClCompile>
  </ItemGroup>
  <ItemGroup>
    <ClInclude Include="Generic.h">
      <Filter>Header Files</Filter>
    </ClInclude>
    <ClInclude Include="NTypes2.h">
      <Filter>Header Files</Filter>
    </ClInclude>
    <ClInclude Include="Types.h">
      <Filter>Header Files</Filter>
    </ClInclude>
    <ClInclude Include="API\LM4000_TypeList\Checks.h">
      <Filter>Header Files\API\LM4000_TypeList</Filter>
    </ClInclude>
    <ClInclude Include="API\LM4000_TypeList\Filters.h">
      <Filter>Header Files\API\LM4000_TypeList</Filter>
    </ClInclude>
    <ClInclude Include="API\LM4000_TypeList\Iterators.h">
      <Filter>Header Files\API\LM4000_TypeList</Filter>
    </ClInclude>
    <ClInclude Include="API\LM4000_TypeList\TypeList.h">
      <Filter>Header Files\API\LM4000_TypeList</Filter>
    </ClInclude>
    <ClInclude Include="API\LM4000_TypeList\TypeListClass.h">
      <Filter>Header Files\API\LM4000_TypeList</Filter>
    </ClInclude>
    <ClInclude Include="API\LM4000_TypeList\TypeStruct.h">
      <Filter>Header Files\API\LM4000_TypeList</Filter>
    </ClInclude>
    <ClInclude Include="API\stbi\stbi_write.h">
      <Filter>Header Files\API\stbi</Filter>
    </ClInclude>
    <ClInclude Include="FileSystem.h">
      <Filter>Header Files</Filter>
    </ClInclude>
    <ClInclude Include="Timer.h">
      <Filter>Header Files</Filter>
    </ClInclude>
    <ClInclude Include="API\LM4000_TypeList\TypeListHelper.h">
      <Filter>Header Files\API\LM4000_TypeList</Filter>
    </ClInclude>
    <ClInclude Include="Patcher.h">
      <Filter>Header Files</Filter>
    </ClInclude>
  </ItemGroup>
</Project>