
Microsoft Visual Studio Solution File, Format Version 12.00
# Visual Studio 15
VisualStudioVersion = 15.0.26730.12
MinimumVisualStudioVersion = 10.0.40219.1
Project("{8BC9CEB8-8B4A-11D0-8D11-00A0C91BC942}") = "NTFE", "NTFE\NTFE.vcxproj", "{77034081-18BF-46E4-9085-4294FAC413ED}"
	ProjectSection(ProjectDependencies) = postProject
		{1ED59B04-013F-4283-B30B-37654812CFA0} = {1ED59B04-013F-4283-B30B-37654812CFA0}
	EndProjectSection
EndProject
Project("{8BC9CEB8-8B4A-11D0-8D11-00A0C91BC942}") = "NFS", "NFS\NFS.vcxproj", "{1ED59B04-013F-4283-B30B-37654812CFA0}"
EndProject
Global
	GlobalSection(SolutionConfigurationPlatforms) = preSolution
		Debug|x64 = Debug|x64
		Debug|x86 = Debug|x86
		LIBDebug|x64 = LIBDebug|x64
		LIBDebug|x86 = LIBDebug|x86
		LIBRelease|x64 = LIBRelease|x64
		LIBRelease|x86 = LIBRelease|x86
		Release|x64 = Release|x64
		Release|x86 = Release|x86
	EndGlobalSection
	GlobalSection(ProjectConfigurationPlatforms) = postSolution
		{77034081-18BF-46E4-9085-4294FAC413ED}.Debug|x64.ActiveCfg = Debug|x64
		{77034081-18BF-46E4-9085-4294FAC413ED}.Debug|x64.Build.0 = Debug|x64
		{77034081-18BF-46E4-9085-4294FAC413ED}.Debug|x86.ActiveCfg = Debug|Win32
		{77034081-18BF-46E4-9085-4294FAC413ED}.Debug|x86.Build.0 = Debug|Win32
		{77034081-18BF-46E4-9085-4294FAC413ED}.LIBDebug|x64.ActiveCfg = Release|x64
		{77034081-18BF-46E4-9085-4294FAC413ED}.LIBDebug|x64.Build.0 = Release|x64
		{77034081-18BF-46E4-9085-4294FAC413ED}.LIBDebug|x86.ActiveCfg = Release|Win32
		{77034081-18BF-46E4-9085-4294FAC413ED}.LIBDebug|x86.Build.0 = Release|Win32
		{77034081-18BF-46E4-9085-4294FAC413ED}.LIBRelease|x64.ActiveCfg = Release|x64
		{77034081-18BF-46E4-9085-4294FAC413ED}.LIBRelease|x64.Build.0 = Release|x64
		{77034081-18BF-46E4-9085-4294FAC413ED}.LIBRelease|x86.ActiveCfg = Release|Win32
		{77034081-18BF-46E4-9085-4294FAC413ED}.LIBRelease|x86.Build.0 = Release|Win32
		{77034081-18BF-46E4-9085-4294FAC413ED}.Release|x64.ActiveCfg = Release|x64
		{77034081-18BF-46E4-9085-4294FAC413ED}.Release|x64.Build.0 = Release|x64
		{77034081-18BF-46E4-9085-4294FAC413ED}.Release|x86.ActiveCfg = Release|Win32
		{77034081-18BF-46E4-9085-4294FAC413ED}.Release|x86.Build.0 = Release|Win32
		{1ED59B04-013F-4283-B30B-37654812CFA0}.Debug|x64.ActiveCfg = LIBDebug|x64
		{1ED59B04-013F-4283-B30B-37654812CFA0}.Debug|x64.Build.0 = LIBDebug|x64
		{1ED59B04-013F-4283-B30B-37654812CFA0}.Debug|x64.Deploy.0 = LIBDebug|x64
		{1ED59B04-013F-4283-B30B-37654812CFA0}.Debug|x86.ActiveCfg = LIBDebug|Win32
		{1ED59B04-013F-4283-B30B-37654812CFA0}.Debug|x86.Build.0 = LIBDebug|Win32
		{1ED59B04-013F-4283-B30B-37654812CFA0}.LIBDebug|x64.ActiveCfg = Debug|x64
		{1ED59B04-013F-4283-B30B-37654812CFA0}.LIBDebug|x64.Build.0 = Debug|x64
		{1ED59B04-013F-4283-B30B-37654812CFA0}.LIBDebug|x64.Deploy.0 = Debug|x64
		{1ED59B04-013F-4283-B30B-37654812CFA0}.LIBDebug|x86.ActiveCfg = Debug|Win32
		{1ED59B04-013F-4283-B30B-37654812CFA0}.LIBDebug|x86.Build.0 = Debug|Win32
		{1ED59B04-013F-4283-B30B-37654812CFA0}.LIBDebug|x86.Deploy.0 = Debug|Win32
		{1ED59B04-013F-4283-B30B-37654812CFA0}.LIBRelease|x64.ActiveCfg = LIBRelease|x64
		{1ED59B04-013F-4283-B30B-37654812CFA0}.LIBRelease|x64.Build.0 = LIBRelease|x64
		{1ED59B04-013F-4283-B30B-37654812CFA0}.LIBRelease|x86.ActiveCfg = LIBRelease|Win32
		{1ED59B04-013F-4283-B30B-37654812CFA0}.LIBRelease|x86.Build.0 = LIBRelease|Win32
		{1ED59B04-013F-4283-B30B-37654812CFA0}.Release|x64.ActiveCfg = LIBRelease|x64
		{1ED59B04-013F-4283-B30B-37654812CFA0}.Release|x64.Build.0 = LIBRelease|x64
		{1ED59B04-013F-4283-B30B-37654812CFA0}.Release|x86.ActiveCfg = LIBRelease|Win32
		{1ED59B04-013F-4283-B30B-37654812CFA0}.Release|x86.Build.0 = LIBRelease|Win32
	EndGlobalSection
	GlobalSection(SolutionProperties) = preSolution
		HideSolutionNode = FALSE
	EndGlobalSection
	GlobalSection(ExtensibilityGlobals) = postSolution
		SolutionGuid = {AB6BDBF3-92C2-4721-AD73-554A855FF7D8}
	EndGlobalSection
EndGlobal
